{
  "name": "Spell checker",
  "lockfileVersion": 2,
  "requires": true,
  "packages": {
    "": {
      "dependencies": {
        "@grammarly/editor-sdk": "^2.3.7"
      }
    },
    "node_modules/@grammarly/editor-sdk": {
      "version": "2.3.7",
      "resolved": "https://registry.npmjs.org/@grammarly/editor-sdk/-/editor-sdk-2.3.7.tgz",
      "integrity": "sha512-NiuIXAV1LKSU8SG/rclUtZEXiQ4jE7fj6f+nSuz+lU5gZ+abXXGDnxOdQ00m7POcmp/AT8oqPJ85+/fJkSmaBA=="
    }
  },
  "dependencies": {
    "@grammarly/editor-sdk": {
      "version": "2.3.7",
      "resolved": "https://registry.npmjs.org/@grammarly/editor-sdk/-/editor-sdk-2.3.7.tgz",
      "integrity": "sha512-NiuIXAV1LKSU8SG/rclUtZEXiQ4jE7fj6f+nSuz+lU5gZ+abXXGDnxOdQ00m7POcmp/AT8oqPJ85+/fJkSmaBA=="
    }
  }
}
